github.com/seqsense/pcgol v0.0.0-20210406143942-64574dafb32f h1:Ar2i54ggBLuIjKrTJYIAf3gBVDLNoaQKUR/mcSc/e2c=
github.com/seqsense/pcgol v0.0.0-20210406143942-64574dafb32f/go.mod h1:w8LffJCFuzmJsqCRLWNB2SXOVHlEPtHBCHmlisG2w+0=
github.com/zhuyie/golzf v0.0.0-20161112031142-8387b0307ade/go.mod h1:juNhYdla04C276MyU4zR0BA7t90ziLKPwkjDgddGYV0=
