github.com/seqsense/pcgol v0.0.0-20210407062812-8ec5f70ed95c h1:I4cNNMkXs1uCR6Aak/2jCioZpGKUIEqCSRmDReFuBhg=
github.com/seqsense/pcgol v0.0.0-20210407062812-8ec5f70ed95c/go.mod h1:w8LffJCFuzmJsqCRLWNB2SXOVHlEPtHBCHmlisG2w+0=
github.com/zhuyie/golzf v0.0.0-20161112031142-8387b0307ade/go.mod h1:juNhYdla04C276MyU4zR0BA7t90ziLKPwkjDgddGYV0=
